Microsoft Visual Studio Solution File, Format Version 12.00
# Visual Studio 2012
Project("{FAE04EC0-301F-11D3-BF4B-00C04F79EFBC}") = "MetroidvaniaMonth23", "MetroidvaniaMonth23.csproj", "{CDE63B1E-0D10-4EB6-847B-98AA7D7122A2}"
EndProject
Global
	GlobalSection(SolutionConfigurationPlatforms) = preSolution
	Debug|Any CPU = Debug|Any CPU
	ExportDebug|Any CPU = ExportDebug|Any CPU
	ExportRelease|Any CPU = ExportRelease|Any CPU
	EndGlobalSection
	GlobalSection(ProjectConfigurationPlatforms) = postSolution
		{CDE63B1E-0D10-4EB6-847B-98AA7D7122A2}.Debug|Any CPU.ActiveCfg = Debug|Any CPU
		{CDE63B1E-0D10-4EB6-847B-98AA7D7122A2}.Debug|Any CPU.Build.0 = Debug|Any CPU
		{CDE63B1E-0D10-4EB6-847B-98AA7D7122A2}.ExportDebug|Any CPU.ActiveCfg = ExportDebug|Any CPU
		{CDE63B1E-0D10-4EB6-847B-98AA7D7122A2}.ExportDebug|Any CPU.Build.0 = ExportDebug|Any CPU
		{CDE63B1E-0D10-4EB6-847B-98AA7D7122A2}.ExportRelease|Any CPU.ActiveCfg = ExportRelease|Any CPU
		{CDE63B1E-0D10-4EB6-847B-98AA7D7122A2}.ExportRelease|Any CPU.Build.0 = ExportRelease|Any CPU
	EndGlobalSection
EndGlobal
